# THIS IS AN AUTOGENERATED FILE. DO NOT EDIT THIS FILE DIRECTLY.
# yarn lockfile v1


"@swc/helpers@^0.3.3":
  version "0.3.13"
  resolved "https://registry.yarnpkg.com/@swc/helpers/-/helpers-0.3.13.tgz#b9af856aaa3804fefdd1544632dde35b7b6ff978"
  integrity sha512-A1wswJhnqaLRn8uYVQ8YiNTtY5i/JIPmV08EXXjjTresIkUVUEUaFv/wXVhGXfRNYMvHPkuoMR1Nb6NgpxGjNg==
  dependencies:
    tslib "^2.4.0"

"@twind/preset-tailwind@^1.0.0-next.38":
  version "1.0.0-next.38"
  resolved "https://registry.yarnpkg.com/@twind/preset-tailwind/-/preset-tailwind-1.0.0-next.38.tgz#14d8e5fd29256a7015ce7aea16258404789e3b45"
  integrity sha512-zo5LDQ/lSaq9tXoh7pWabOeb/QzOW5zHURtcI/jWCrSR3tHgadXNeYg3O1lFljtHOakhFSZ0mmzsNOCbZpRptA==
  dependencies:
    "@swc/helpers" "^0.3.3"

csstype@^3.0.10:
  version "3.0.11"
  resolved "https://registry.yarnpkg.com/csstype/-/csstype-3.0.11.tgz#d66700c5eacfac1940deb4e3ee5642792d85cd33"
  integrity sha512-sa6P2wJ+CAbgyy4KFssIb/JNMLxFvKF1pCYCSXS8ZMuqZnMsrxqI2E5sPyoTpxoPU/gVZMzr2zjOfg8GIZOMsw==

preact-iso@^2.3.0:
  version "2.3.0"
  resolved "https://registry.yarnpkg.com/preact-iso/-/preact-iso-2.3.0.tgz#ab6c5de28df9e0f7a0589dd2175a83ba821f69ec"
  integrity sha512-taJmRidbWrjHEhoVoxXS2Kvxa6X3jXSsTtD7rSYeJuxnPNr1ghCu1JUzCrRxmZwTUNWIqwUpNi+AJoLtvCPN7g==

preact@^10.7.2:
  version "10.7.2"
  resolved "https://registry.yarnpkg.com/preact/-/preact-10.7.2.tgz#5c632ba194b87345dcaee6598b3b6529b58e6a12"
  integrity sha512-GLjn0I3r6ka+NvxJUppsVFqb4V0qDTEHT/QxHlidPuClGaxF/4AI2Qti4a0cv3XMh5n1+D3hLScW10LRIm5msQ==

tslib@^2.4.0:
  version "2.4.0"
  resolved "https://registry.yarnpkg.com/tslib/-/tslib-2.4.0.tgz#7cecaa7f073ce680a05847aa77be941098f36dc3"
  integrity sha512-d6xOpEDfsi2CZVlPQzGeux8XMwLT9hssAsaPYExaQMuYskwb+x1x7J371tWlbBdWHroy99KnVB6qIkUbs5X3UQ==

twind@^1.0.0-next.38:
  version "1.0.0-next.38"
  resolved "https://registry.yarnpkg.com/twind/-/twind-1.0.0-next.38.tgz#316ffffbb56d290da91e9972d189bef3af026b9b"
  integrity sha512-YqX58zGWiMNmFb4adVKfA9GEwUj7NbS7BTJTbM27qc+e0u5kOHTYLgfFqiKe40XOw40VgVdGwCjwdiXKTc8vKw==
  dependencies:
    "@swc/helpers" "^0.3.3"
    csstype "^3.0.10"

wmr@^3.7.2:
  version "3.7.2"
  resolved "https://registry.yarnpkg.com/wmr/-/wmr-3.7.2.tgz#3d6dfb771fafc0e2119d4502aaea26ecd5963c19"
  integrity sha512-i+e/T8J067qP2pBgq6E2gaW9qMGK+D9eGue85YM0Vflc2UuzXBP3fSS5PzvyHEKuPHZWmcFBmZRs6DU9Lkr9og==
